
Microsoft Visual Studio Solution File, Format Version 11.00
# Visual Studio 2010
Project("{1BC9CEB8-8B4A-11D0-8D11-00A0C91BC942}") = "wbus", "wbus.vcxproj", "{13FEEB1C-0312-4BA2-A585-BCD9E7B8C826}"
EndProject
Global
	GlobalSection(SolutionConfigurationPlatforms) = preSolution
		Debug|Win32 = Debug|Win32
		Release|Win32 = Release|Win32
	EndGlobalSection
	GlobalSection(ProjectConfigurationPlatforms) = postSolution
		{13FEEB1C-0312-4BA2-A585-BCD9E7B8C826}.Debug|Win32.ActiveCfg = Debug|Win32
		{13FEEB1C-0312-4BA2-A585-BCD9E7B8C826}.Debug|Win32.Build.0 = Debug|Win32
		{13FEEB1C-0312-4BA2-A585-BCD9E7B8C826}.Release|Win32.ActiveCfg = Release|Win32
		{13FEEB1C-0312-4BA2-A585-BCD9E7B8C826}.Release|Win32.Build.0 = Release|Win32
	EndGlobalSection
	GlobalSection(SolutionProperties) = preSolution
		HideSolutionNode = FALSE
	EndGlobalSection
EndGlobal
